
Microsoft Visual Studio Solution File, Format Version 12.00
# Visual Studio 15
VisualStudioVersion = 15.0.27004.2008
MinimumVisualStudioVersion = 10.0.40219.1
Project("{FAE04EC0-301F-11D3-BF4B-00C04F79EFBC}") = "CueBoT", "CueBoT\CueBoT.csproj", "{9884BB9E-D8B1-404A-8763-8787A302F8C1}"
EndProject
Global
	GlobalSection(SolutionConfigurationPlatforms) = preSolution
		Debug|Any CPU = Debug|Any CPU
		Release|Any CPU = Release|Any CPU
	EndGlobalSection
	GlobalSection(ProjectConfigurationPlatforms) = postSolution
		{9884BB9E-D8B1-404A-8763-8787A302F8C1}.Debug|Any CPU.ActiveCfg = Debug|Any CPU
		{9884BB9E-D8B1-404A-8763-8787A302F8C1}.Debug|Any CPU.Build.0 = Debug|Any CPU
		{9884BB9E-D8B1-404A-8763-8787A302F8C1}.Release|Any CPU.ActiveCfg = Release|Any CPU
		{9884BB9E-D8B1-404A-8763-8787A302F8C1}.Release|Any CPU.Build.0 = Release|Any CPU
	EndGlobalSection
	GlobalSection(SolutionProperties) = preSolution
		HideSolutionNode = FALSE
	EndGlobalSection
	GlobalSection(ExtensibilityGlobals) = postSolution
		SolutionGuid = {F1057EE2-B2FB-49FF-865E-D4F80AACA21E}
	EndGlobalSection
EndGlobal
